
Microsoft Visual Studio Solution File, Format Version 12.00
# Visual Studio Version 17
VisualStudioVersion = 17.0.31903.59
MinimumVisualStudioVersion = 10.0.40219.1
Project("{2150E333-8FDC-42A3-9474-1A3956D46DE8}") = "src", "src", "{827E0CD3-B72D-47B6-A68D-7590B98EB39B}"
EndProject
Project("{FAE04EC0-301F-11D3-BF4B-00C04F79EFBC}") = "UMiiSharp", "src\UMiiSharp\UMiiSharp.csproj", "{7AF66EA1-16C8-4D3B-AFEE-3C01103619EE}"
EndProject
Project("{FAE04EC0-301F-11D3-BF4B-00C04F79EFBC}") = "BymlSharp", "lib\BymlSharp\src\BymlSharp\BymlSharp.csproj", "{84CDACBE-C8AB-4942-9B7E-79FF60AF977D}"
EndProject
Project("{2150E333-8FDC-42A3-9474-1A3956D46DE8}") = "tests", "tests", "{0AB3BF05-4346-4AA6-1389-037BE0695223}"
EndProject
Project("{FAE04EC0-301F-11D3-BF4B-00C04F79EFBC}") = "UMiiSharp.Verify", "tests\UMiiSharp.Verify\UMiiSharp.Verify.csproj", "{4127B3E7-FDE1-4F3A-AF80-B7EAD709F19F}"
EndProject
Project("{FAE04EC0-301F-11D3-BF4B-00C04F79EFBC}") = "SarcSharp", "lib\SarcSharp\src\SarcSharp\SarcSharp.csproj", "{8BAC1A8D-7358-48EB-A167-887553507F5B}"
EndProject
Project("{FAE04EC0-301F-11D3-BF4B-00C04F79EFBC}") = "ZsDicSharp", "lib\ZsDicSharp\src\ZsDicSharp\ZsDicSharp.csproj", "{EC00FBA4-B344-4510-908B-71DFAD0DD709}"
EndProject
Project("{FAE04EC0-301F-11D3-BF4B-00C04F79EFBC}") = "AampSharp", "lib\AampSharp\src\AampSharp\AampSharp.csproj", "{BCC73555-79BD-49AD-B24A-17DCCB9D53DA}"
EndProject
Global
	GlobalSection(SolutionConfigurationPlatforms) = preSolution
		Debug|Any CPU = Debug|Any CPU
		Debug|x64 = Debug|x64
		Debug|x86 = Debug|x86
		Release|Any CPU = Release|Any CPU
		Release|x64 = Release|x64
		Release|x86 = Release|x86
	EndGlobalSection
	GlobalSection(ProjectConfigurationPlatforms) = postSolution
		{7AF66EA1-16C8-4D3B-AFEE-3C01103619EE}.Debug|Any CPU.ActiveCfg = Debug|Any CPU
		{7AF66EA1-16C8-4D3B-AFEE-3C01103619EE}.Debug|Any CPU.Build.0 = Debug|Any CPU
		{7AF66EA1-16C8-4D3B-AFEE-3C01103619EE}.Debug|x64.ActiveCfg = Debug|Any CPU
		{7AF66EA1-16C8-4D3B-AFEE-3C01103619EE}.Debug|x64.Build.0 = Debug|Any CPU
		{7AF66EA1-16C8-4D3B-AFEE-3C01103619EE}.Debug|x86.ActiveCfg = Debug|Any CPU
		{7AF66EA1-16C8-4D3B-AFEE-3C01103619EE}.Debug|x86.Build.0 = Debug|Any CPU
		{7AF66EA1-16C8-4D3B-AFEE-3C01103619EE}.Release|Any CPU.ActiveCfg = Release|Any CPU
		{7AF66EA1-16C8-4D3B-AFEE-3C01103619EE}.Release|Any CPU.Build.0 = Release|Any CPU
		{7AF66EA1-16C8-4D3B-AFEE-3C01103619EE}.Release|x64.ActiveCfg = Release|Any CPU
		{7AF66EA1-16C8-4D3B-AFEE-3C01103619EE}.Release|x64.Build.0 = Release|Any CPU
		{7AF66EA1-16C8-4D3B-AFEE-3C01103619EE}.Release|x86.ActiveCfg = Release|Any CPU
		{7AF66EA1-16C8-4D3B-AFEE-3C01103619EE}.Release|x86.Build.0 = Release|Any CPU
		{84CDACBE-C8AB-4942-9B7E-79FF60AF977D}.Debug|Any CPU.ActiveCfg = Debug|Any CPU
		{84CDACBE-C8AB-4942-9B7E-79FF60AF977D}.Debug|Any CPU.Build.0 = Debug|Any CPU
		{84CDACBE-C8AB-4942-9B7E-79FF60AF977D}.Debug|x64.ActiveCfg = Debug|Any CPU
		{84CDACBE-C8AB-4942-9B7E-79FF60AF977D}.Debug|x64.Build.0 = Debug|Any CPU
		{84CDACBE-C8AB-4942-9B7E-79FF60AF977D}.Debug|x86.ActiveCfg = Debug|Any CPU
		{84CDACBE-C8AB-4942-9B7E-79FF60AF977D}.Debug|x86.Build.0 = Debug|Any CPU
		{84CDACBE-C8AB-4942-9B7E-79FF60AF977D}.Release|Any CPU.ActiveCfg = Release|Any CPU
		{84CDACBE-C8AB-4942-9B7E-79FF60AF977D}.Release|Any CPU.Build.0 = Release|Any CPU
		{84CDACBE-C8AB-4942-9B7E-79FF60AF977D}.Release|x64.ActiveCfg = Release|Any CPU
		{84CDACBE-C8AB-4942-9B7E-79FF60AF977D}.Release|x64.Build.0 = Release|Any CPU
		{84CDACBE-C8AB-4942-9B7E-79FF60AF977D}.Release|x86.ActiveCfg = Release|Any CPU
		{84CDACBE-C8AB-4942-9B7E-79FF60AF977D}.Release|x86.Build.0 = Release|Any CPU
		{4127B3E7-FDE1-4F3A-AF80-B7EAD709F19F}.Debug|Any CPU.ActiveCfg = Debug|Any CPU
		{4127B3E7-FDE1-4F3A-AF80-B7EAD709F19F}.Debug|Any CPU.Build.0 = Debug|Any CPU
		{4127B3E7-FDE1-4F3A-AF80-B7EAD709F19F}.Debug|x64.ActiveCfg = Debug|Any CPU
		{4127B3E7-FDE1-4F3A-AF80-B7EAD709F19F}.Debug|x64.Build.0 = Debug|Any CPU
		{4127B3E7-FDE1-4F3A-AF80-B7EAD709F19F}.Debug|x86.ActiveCfg = Debug|Any CPU
		{4127B3E7-FDE1-4F3A-AF80-B7EAD709F19F}.Debug|x86.Build.0 = Debug|Any CPU
		{4127B3E7-FDE1-4F3A-AF80-B7EAD709F19F}.Release|Any CPU.ActiveCfg = Release|Any CPU
		{4127B3E7-FDE1-4F3A-AF80-B7EAD709F19F}.Release|Any CPU.Build.0 = Release|Any CPU
		{4127B3E7-FDE1-4F3A-AF80-B7EAD709F19F}.Release|x64.ActiveCfg = Release|Any CPU
		{4127B3E7-FDE1-4F3A-AF80-B7EAD709F19F}.Release|x64.Build.0 = Release|Any CPU
		{4127B3E7-FDE1-4F3A-AF80-B7EAD709F19F}.Release|x86.ActiveCfg = Release|Any CPU
		{4127B3E7-FDE1-4F3A-AF80-B7EAD709F19F}.Release|x86.Build.0 = Release|Any CPU
		{8BAC1A8D-7358-48EB-A167-887553507F5B}.Debug|Any CPU.ActiveCfg = Debug|Any CPU
		{8BAC1A8D-7358-48EB-A167-887553507F5B}.Debug|Any CPU.Build.0 = Debug|Any CPU
		{8BAC1A8D-7358-48EB-A167-887553507F5B}.Debug|x64.ActiveCfg = Debug|Any CPU
		{8BAC1A8D-7358-48EB-A167-887553507F5B}.Debug|x64.Build.0 = Debug|Any CPU
		{8BAC1A8D-7358-48EB-A167-887553507F5B}.Debug|x86.ActiveCfg = Debug|Any CPU
		{8BAC1A8D-7358-48EB-A167-887553507F5B}.Debug|x86.Build.0 = Debug|Any CPU
		{8BAC1A8D-7358-48EB-A167-887553507F5B}.Release|Any CPU.ActiveCfg = Release|Any CPU
		{8BAC1A8D-7358-48EB-A167-887553507F5B}.Release|Any CPU.Build.0 = Release|Any CPU
		{8BAC1A8D-7358-48EB-A167-887553507F5B}.Release|x64.ActiveCfg = Release|Any CPU
		{8BAC1A8D-7358-48EB-A167-887553507F5B}.Release|x64.Build.0 = Release|Any CPU
		{8BAC1A8D-7358-48EB-A167-887553507F5B}.Release|x86.ActiveCfg = Release|Any CPU
		{8BAC1A8D-7358-48EB-A167-887553507F5B}.Release|x86.Build.0 = Release|Any CPU
		{EC00FBA4-B344-4510-908B-71DFAD0DD709}.Debug|Any CPU.ActiveCfg = Debug|Any CPU
		{EC00FBA4-B344-4510-908B-71DFAD0DD709}.Debug|Any CPU.Build.0 = Debug|Any CPU
		{EC00FBA4-B344-4510-908B-71DFAD0DD709}.Debug|x64.ActiveCfg = Debug|Any CPU
		{EC00FBA4-B344-4510-908B-71DFAD0DD709}.Debug|x64.Build.0 = Debug|Any CPU
		{EC00FBA4-B344-4510-908B-71DFAD0DD709}.Debug|x86.ActiveCfg = Debug|Any CPU
		{EC00FBA4-B344-4510-908B-71DFAD0DD709}.Debug|x86.Build.0 = Debug|Any CPU
		{EC00FBA4-B344-4510-908B-71DFAD0DD709}.Release|Any CPU.ActiveCfg = Release|Any CPU
		{EC00FBA4-B344-4510-908B-71DFAD0DD709}.Release|Any CPU.Build.0 = Release|Any CPU
		{EC00FBA4-B344-4510-908B-71DFAD0DD709}.Release|x64.ActiveCfg = Release|Any CPU
		{EC00FBA4-B344-4510-908B-71DFAD0DD709}.Release|x64.Build.0 = Release|Any CPU
		{EC00FBA4-B344-4510-908B-71DFAD0DD709}.Release|x86.ActiveCfg = Release|Any CPU
		{EC00FBA4-B344-4510-908B-71DFAD0DD709}.Release|x86.Build.0 = Release|Any CPU
		{BCC73555-79BD-49AD-B24A-17DCCB9D53DA}.Debug|Any CPU.ActiveCfg = Debug|Any CPU
		{BCC73555-79BD-49AD-B24A-17DCCB9D53DA}.Debug|Any CPU.Build.0 = Debug|Any CPU
		{BCC73555-79BD-49AD-B24A-17DCCB9D53DA}.Debug|x64.ActiveCfg = Debug|Any CPU
		{BCC73555-79BD-49AD-B24A-17DCCB9D53DA}.Debug|x64.Build.0 = Debug|Any CPU
		{BCC73555-79BD-49AD-B24A-17DCCB9D53DA}.Debug|x86.ActiveCfg = Debug|Any CPU
		{BCC73555-79BD-49AD-B24A-17DCCB9D53DA}.Debug|x86.Build.0 = Debug|Any CPU
		{BCC73555-79BD-49AD-B24A-17DCCB9D53DA}.Release|Any CPU.ActiveCfg = Release|Any CPU
		{BCC73555-79BD-49AD-B24A-17DCCB9D53DA}.Release|Any CPU.Build.0 = Release|Any CPU
		{BCC73555-79BD-49AD-B24A-17DCCB9D53DA}.Release|x64.ActiveCfg = Release|Any CPU
		{BCC73555-79BD-49AD-B24A-17DCCB9D53DA}.Release|x64.Build.0 = Release|Any CPU
		{BCC73555-79BD-49AD-B24A-17DCCB9D53DA}.Release|x86.ActiveCfg = Release|Any CPU
		{BCC73555-79BD-49AD-B24A-17DCCB9D53DA}.Release|x86.Build.0 = Release|Any CPU
	EndGlobalSection
	GlobalSection(SolutionProperties) = preSolution
		HideSolutionNode = FALSE
	EndGlobalSection
	GlobalSection(NestedProjects) = preSolution
		{7AF66EA1-16C8-4D3B-AFEE-3C01103619EE} = {827E0CD3-B72D-47B6-A68D-7590B98EB39B}
		{4127B3E7-FDE1-4F3A-AF80-B7EAD709F19F} = {0AB3BF05-4346-4AA6-1389-037BE0695223}
	EndGlobalSection
EndGlobal
